
Microsoft Visual Studio Solution File, Format Version 12.00
# Visual Studio Version 17
VisualStudioVersion = 17.0.31919.166
MinimumVisualStudioVersion = 10.0.40219.1
Project("{2150E333-8FDC-42A3-9474-1A3956D46DE8}") = "src", "src", "{0E4615B2-DDD0-4FC5-AC6E-19861B886619}"
EndProject
Project("{2150E333-8FDC-42A3-9474-1A3956D46DE8}") = "tests", "tests", "{B0BCEE01-751B-4659-869C-8140C33D3540}"
EndProject
Project("{2150E333-8FDC-42A3-9474-1A3956D46DE8}") = "API", "API", "{54D2E6AA-4B81-44B7-96CA-B3A6823080FA}"
EndProject
Project("{2150E333-8FDC-42A3-9474-1A3956D46DE8}") = "Core", "Core", "{FB8A8817-7C73-40F1-84C5-C1303DCDDA8D}"
EndProject
Project("{2150E333-8FDC-42A3-9474-1A3956D46DE8}") = "Infrastructure", "Infrastructure", "{2F59875D-8D31-4865-8480-E3BB5694779D}"
EndProject
Project("{FAE04EC0-301F-11D3-BF4B-00C04F79EFBC}") = "BookReview.Application", "BookReview.Application\BookReview.Application.csproj", "{151063BA-1EA7-4650-A262-8C3FDE1157FE}"
EndProject
Project("{FAE04EC0-301F-11D3-BF4B-00C04F79EFBC}") = "BookReview.Domain", "BookReview.Domain\BookReview.Domain.csproj", "{D1209F7D-AE87-4930-89A8-DF4388118785}"
EndProject
Project("{FAE04EC0-301F-11D3-BF4B-00C04F79EFBC}") = "BookReview.Api", "BookReview.Api\BookReview.Api.csproj", "{719B47AE-E6D0-473D-9749-05E665EF5E63}"
EndProject
Project("{FAE04EC0-301F-11D3-BF4B-00C04F79EFBC}") = "BookReview.Persistence", "BookReview.Persistence\BookReview.Persistence.csproj", "{C8B21104-E051-40D2-889C-31E2FD2081A2}"
EndProject
Global
	GlobalSection(SolutionConfigurationPlatforms) = preSolution
		Debug|Any CPU = Debug|Any CPU
		Release|Any CPU = Release|Any CPU
	EndGlobalSection
	GlobalSection(ProjectConfigurationPlatforms) = postSolution
		{151063BA-1EA7-4650-A262-8C3FDE1157FE}.Debug|Any CPU.ActiveCfg = Debug|Any CPU
		{151063BA-1EA7-4650-A262-8C3FDE1157FE}.Debug|Any CPU.Build.0 = Debug|Any CPU
		{151063BA-1EA7-4650-A262-8C3FDE1157FE}.Release|Any CPU.ActiveCfg = Release|Any CPU
		{151063BA-1EA7-4650-A262-8C3FDE1157FE}.Release|Any CPU.Build.0 = Release|Any CPU
		{D1209F7D-AE87-4930-89A8-DF4388118785}.Debug|Any CPU.ActiveCfg = Debug|Any CPU
		{D1209F7D-AE87-4930-89A8-DF4388118785}.Debug|Any CPU.Build.0 = Debug|Any CPU
		{D1209F7D-AE87-4930-89A8-DF4388118785}.Release|Any CPU.ActiveCfg = Release|Any CPU
		{D1209F7D-AE87-4930-89A8-DF4388118785}.Release|Any CPU.Build.0 = Release|Any CPU
		{719B47AE-E6D0-473D-9749-05E665EF5E63}.Debug|Any CPU.ActiveCfg = Debug|Any CPU
		{719B47AE-E6D0-473D-9749-05E665EF5E63}.Debug|Any CPU.Build.0 = Debug|Any CPU
		{719B47AE-E6D0-473D-9749-05E665EF5E63}.Release|Any CPU.ActiveCfg = Release|Any CPU
		{719B47AE-E6D0-473D-9749-05E665EF5E63}.Release|Any CPU.Build.0 = Release|Any CPU
		{C8B21104-E051-40D2-889C-31E2FD2081A2}.Debug|Any CPU.ActiveCfg = Debug|Any CPU
		{C8B21104-E051-40D2-889C-31E2FD2081A2}.Debug|Any CPU.Build.0 = Debug|Any CPU
		{C8B21104-E051-40D2-889C-31E2FD2081A2}.Release|Any CPU.ActiveCfg = Release|Any CPU
		{C8B21104-E051-40D2-889C-31E2FD2081A2}.Release|Any CPU.Build.0 = Release|Any CPU
	EndGlobalSection
	GlobalSection(SolutionProperties) = preSolution
		HideSolutionNode = FALSE
	EndGlobalSection
	GlobalSection(NestedProjects) = preSolution
		{54D2E6AA-4B81-44B7-96CA-B3A6823080FA} = {0E4615B2-DDD0-4FC5-AC6E-19861B886619}
		{FB8A8817-7C73-40F1-84C5-C1303DCDDA8D} = {0E4615B2-DDD0-4FC5-AC6E-19861B886619}
		{2F59875D-8D31-4865-8480-E3BB5694779D} = {0E4615B2-DDD0-4FC5-AC6E-19861B886619}
		{151063BA-1EA7-4650-A262-8C3FDE1157FE} = {FB8A8817-7C73-40F1-84C5-C1303DCDDA8D}
		{D1209F7D-AE87-4930-89A8-DF4388118785} = {FB8A8817-7C73-40F1-84C5-C1303DCDDA8D}
		{719B47AE-E6D0-473D-9749-05E665EF5E63} = {54D2E6AA-4B81-44B7-96CA-B3A6823080FA}
		{C8B21104-E051-40D2-889C-31E2FD2081A2} = {2F59875D-8D31-4865-8480-E3BB5694779D}
	EndGlobalSection
	GlobalSection(ExtensibilityGlobals) = postSolution
		SolutionGuid = {DDB923AF-70DA-42EC-B917-091B7D436408}
	EndGlobalSection
EndGlobal
